
Microsoft Visual Studio Solution File, Format Version 12.00
# Visual Studio Version 16
VisualStudioVersion = 16.0.30907.101
MinimumVisualStudioVersion = 10.0.40219.1
Project("{9A19103F-16F7-4668-BE54-9A1E7A4F7556}") = "Kampintro", "Kampintro\Kampintro.csproj", "{ACD5C133-4D3D-430D-B9FA-03B9DB60948A}"
EndProject
Project("{9A19103F-16F7-4668-BE54-9A1E7A4F7556}") = "Donguler", "Donguler\Donguler.csproj", "{CE87E048-5380-4E1A-915A-7B713F006405}"
EndProject
Project("{9A19103F-16F7-4668-BE54-9A1E7A4F7556}") = "ClassIntro", "ClassIntro\ClassIntro.csproj", "{7EEA0AD7-3830-4BC6-A8DC-5C84ECB1F69C}"
EndProject
Project("{9A19103F-16F7-4668-BE54-9A1E7A4F7556}") = "Metotlar", "Metotlar\Metotlar.csproj", "{29FADB8D-F1FD-406B-8ECE-A66DD3416618}"
EndProject
Project("{9A19103F-16F7-4668-BE54-9A1E7A4F7556}") = "Matematik", "Matematik\Matematik.csproj", "{6D9C84DB-C87E-45C8-B913-222862320763}"
EndProject
Project("{9A19103F-16F7-4668-BE54-9A1E7A4F7556}") = "DegerVeReferansTipler", "DegerVeReferansTipler\DegerVeReferansTipler.csproj", "{A80026B4-7F8C-4FCF-AC08-EE4B6F83FDCB}"
EndProject
Project("{9A19103F-16F7-4668-BE54-9A1E7A4F7556}") = "ClassMethodDemo", "ClassMethodDemo\ClassMethodDemo.csproj", "{3E9866DC-96FD-4D34-8371-EE1E091B59C0}"
EndProject
Project("{9A19103F-16F7-4668-BE54-9A1E7A4F7556}") = "OOP1", "OOP1\OOP1.csproj", "{40A5B59A-8DAE-467E-926A-465F82B2FDDB}"
EndProject
Project("{9A19103F-16F7-4668-BE54-9A1E7A4F7556}") = "Collections", "Collections\Collections.csproj", "{AEC70516-6346-4405-8F09-653B335F60B6}"
EndProject
Project("{9A19103F-16F7-4668-BE54-9A1E7A4F7556}") = "GenericsIntro", "GenericsIntro\GenericsIntro.csproj", "{8C7FF4C6-82CE-46A5-934C-A1BA09B8A165}"
EndProject
Project("{FAE04EC0-301F-11D3-BF4B-00C04F79EFBC}") = "Dictionary", "MyDictionary\Dictionary.csproj", "{EFE1A149-AB6C-4F8B-A4F3-7357C225FBF9}"
EndProject
Project("{FAE04EC0-301F-11D3-BF4B-00C04F79EFBC}") = "OOP2", "OOP2\OOP2.csproj", "{B466279B-7276-4491-A25C-ADFDBC0D1078}"
EndProject
Project("{FAE04EC0-301F-11D3-BF4B-00C04F79EFBC}") = "OOP3", "OOP3\OOP3.csproj", "{DFD1BAD9-FED2-4A4D-A933-68A3860741F2}"
EndProject
Global
	GlobalSection(SolutionConfigurationPlatforms) = preSolution
		Debug|Any CPU = Debug|Any CPU
		Release|Any CPU = Release|Any CPU
	EndGlobalSection
	GlobalSection(ProjectConfigurationPlatforms) = postSolution
		{ACD5C133-4D3D-430D-B9FA-03B9DB60948A}.Debug|Any CPU.ActiveCfg = Debug|Any CPU
		{ACD5C133-4D3D-430D-B9FA-03B9DB60948A}.Debug|Any CPU.Build.0 = Debug|Any CPU
		{ACD5C133-4D3D-430D-B9FA-03B9DB60948A}.Release|Any CPU.ActiveCfg = Release|Any CPU
		{ACD5C133-4D3D-430D-B9FA-03B9DB60948A}.Release|Any CPU.Build.0 = Release|Any CPU
		{CE87E048-5380-4E1A-915A-7B713F006405}.Debug|Any CPU.ActiveCfg = Debug|Any CPU
		{CE87E048-5380-4E1A-915A-7B713F006405}.Debug|Any CPU.Build.0 = Debug|Any CPU
		{CE87E048-5380-4E1A-915A-7B713F006405}.Release|Any CPU.ActiveCfg = Release|Any CPU
		{CE87E048-5380-4E1A-915A-7B713F006405}.Release|Any CPU.Build.0 = Release|Any CPU
		{7EEA0AD7-3830-4BC6-A8DC-5C84ECB1F69C}.Debug|Any CPU.ActiveCfg = Debug|Any CPU
		{7EEA0AD7-3830-4BC6-A8DC-5C84ECB1F69C}.Debug|Any CPU.Build.0 = Debug|Any CPU
		{7EEA0AD7-3830-4BC6-A8DC-5C84ECB1F69C}.Release|Any CPU.ActiveCfg = Release|Any CPU
		{7EEA0AD7-3830-4BC6-A8DC-5C84ECB1F69C}.Release|Any CPU.Build.0 = Release|Any CPU
		{29FADB8D-F1FD-406B-8ECE-A66DD3416618}.Debug|Any CPU.ActiveCfg = Debug|Any CPU
		{29FADB8D-F1FD-406B-8ECE-A66DD3416618}.Debug|Any CPU.Build.0 = Debug|Any CPU
		{29FADB8D-F1FD-406B-8ECE-A66DD3416618}.Release|Any CPU.ActiveCfg = Release|Any CPU
		{29FADB8D-F1FD-406B-8ECE-A66DD3416618}.Release|Any CPU.Build.0 = Release|Any CPU
		{6D9C84DB-C87E-45C8-B913-222862320763}.Debug|Any CPU.ActiveCfg = Debug|Any CPU
		{6D9C84DB-C87E-45C8-B913-222862320763}.Debug|Any CPU.Build.0 = Debug|Any CPU
		{6D9C84DB-C87E-45C8-B913-222862320763}.Release|Any CPU.ActiveCfg = Release|Any CPU
		{6D9C84DB-C87E-45C8-B913-222862320763}.Release|Any CPU.Build.0 = Release|Any CPU
		{A80026B4-7F8C-4FCF-AC08-EE4B6F83FDCB}.Debug|Any CPU.ActiveCfg = Debug|Any CPU
		{A80026B4-7F8C-4FCF-AC08-EE4B6F83FDCB}.Debug|Any CPU.Build.0 = Debug|Any CPU
		{A80026B4-7F8C-4FCF-AC08-EE4B6F83FDCB}.Release|Any CPU.ActiveCfg = Release|Any CPU
		{A80026B4-7F8C-4FCF-AC08-EE4B6F83FDCB}.Release|Any CPU.Build.0 = Release|Any CPU
		{3E9866DC-96FD-4D34-8371-EE1E091B59C0}.Debug|Any CPU.ActiveCfg = Debug|Any CPU
		{3E9866DC-96FD-4D34-8371-EE1E091B59C0}.Debug|Any CPU.Build.0 = Debug|Any CPU
		{3E9866DC-96FD-4D34-8371-EE1E091B59C0}.Release|Any CPU.ActiveCfg = Release|Any CPU
		{3E9866DC-96FD-4D34-8371-EE1E091B59C0}.Release|Any CPU.Build.0 = Release|Any CPU
		{40A5B59A-8DAE-467E-926A-465F82B2FDDB}.Debug|Any CPU.ActiveCfg = Debug|Any CPU
		{40A5B59A-8DAE-467E-926A-465F82B2FDDB}.Debug|Any CPU.Build.0 = Debug|Any CPU
		{40A5B59A-8DAE-467E-926A-465F82B2FDDB}.Release|Any CPU.ActiveCfg = Release|Any CPU
		{40A5B59A-8DAE-467E-926A-465F82B2FDDB}.Release|Any CPU.Build.0 = Release|Any CPU
		{AEC70516-6346-4405-8F09-653B335F60B6}.Debug|Any CPU.ActiveCfg = Debug|Any CPU
		{AEC70516-6346-4405-8F09-653B335F60B6}.Debug|Any CPU.Build.0 = Debug|Any CPU
		{AEC70516-6346-4405-8F09-653B335F60B6}.Release|Any CPU.ActiveCfg = Release|Any CPU
		{AEC70516-6346-4405-8F09-653B335F60B6}.Release|Any CPU.Build.0 = Release|Any CPU
		{8C7FF4C6-82CE-46A5-934C-A1BA09B8A165}.Debug|Any CPU.ActiveCfg = Debug|Any CPU
		{8C7FF4C6-82CE-46A5-934C-A1BA09B8A165}.Debug|Any CPU.Build.0 = Debug|Any CPU
		{8C7FF4C6-82CE-46A5-934C-A1BA09B8A165}.Release|Any CPU.ActiveCfg = Release|Any CPU
		{8C7FF4C6-82CE-46A5-934C-A1BA09B8A165}.Release|Any CPU.Build.0 = Release|Any CPU
		{EFE1A149-AB6C-4F8B-A4F3-7357C225FBF9}.Debug|Any CPU.ActiveCfg = Debug|Any CPU
		{EFE1A149-AB6C-4F8B-A4F3-7357C225FBF9}.Debug|Any CPU.Build.0 = Debug|Any CPU
		{EFE1A149-AB6C-4F8B-A4F3-7357C225FBF9}.Release|Any CPU.ActiveCfg = Release|Any CPU
		{EFE1A149-AB6C-4F8B-A4F3-7357C225FBF9}.Release|Any CPU.Build.0 = Release|Any CPU
		{B466279B-7276-4491-A25C-ADFDBC0D1078}.Debug|Any CPU.ActiveCfg = Debug|Any CPU
		{B466279B-7276-4491-A25C-ADFDBC0D1078}.Debug|Any CPU.Build.0 = Debug|Any CPU
		{B466279B-7276-4491-A25C-ADFDBC0D1078}.Release|Any CPU.ActiveCfg = Release|Any CPU
		{B466279B-7276-4491-A25C-ADFDBC0D1078}.Release|Any CPU.Build.0 = Release|Any CPU
		{DFD1BAD9-FED2-4A4D-A933-68A3860741F2}.Debug|Any CPU.ActiveCfg = Debug|Any CPU
		{DFD1BAD9-FED2-4A4D-A933-68A3860741F2}.Debug|Any CPU.Build.0 = Debug|Any CPU
		{DFD1BAD9-FED2-4A4D-A933-68A3860741F2}.Release|Any CPU.ActiveCfg = Release|Any CPU
		{DFD1BAD9-FED2-4A4D-A933-68A3860741F2}.Release|Any CPU.Build.0 = Release|Any CPU
	EndGlobalSection
	GlobalSection(SolutionProperties) = preSolution
		HideSolutionNode = FALSE
	EndGlobalSection
	GlobalSection(ExtensibilityGlobals) = postSolution
		SolutionGuid = {9E2C46A6-6CA0-43E4-9141-9BDF66F0C295}
	EndGlobalSection
EndGlobal
